Microsoft Visual Studio Solution File, Format Version 12.00
# Visual Studio Version 17
VisualStudioVersion = 17.13.35919.96
MinimumVisualStudioVersion = 10.0.40219.1
Project("{FAE04EC0-301F-11D3-BF4B-00C04F79EFBC}") = "Authentification.JWT.DAL", "Authentification.JWT.DAL\Authentification.JWT.DAL.csproj", "{505E9022-F0C2-485C-8FC9-CD2F6F7F3C07}"
EndProject
Project("{FAE04EC0-301F-11D3-BF4B-00C04F79EFBC}") = "Authentification.JWT.Service", "Authentification.JWT.Service\Authentification.JWT.Service.csproj", "{893F3E98-AB01-40CE-A4A1-AAA4BF18149E}"
EndProject
Project("{FAE04EC0-301F-11D3-BF4B-00C04F79EFBC}") = "Authentification.JWT.WebAPI", "Authentification.JWT.WebAPI\Authentification.JWT.WebAPI.csproj", "{6D3394EB-30D1-4208-B2BE-18BC290C861B}"
EndProject
Global
	GlobalSection(SolutionConfigurationPlatforms) = preSolution
		Debug|Any CPU = Debug|Any CPU
		Release|Any CPU = Release|Any CPU
	EndGlobalSection
	GlobalSection(ProjectConfigurationPlatforms) = postSolution
		{505E9022-F0C2-485C-8FC9-CD2F6F7F3C07}.Debug|Any CPU.ActiveCfg = Debug|Any CPU
		{505E9022-F0C2-485C-8FC9-CD2F6F7F3C07}.Debug|Any CPU.Build.0 = Debug|Any CPU
		{505E9022-F0C2-485C-8FC9-CD2F6F7F3C07}.Release|Any CPU.ActiveCfg = Release|Any CPU
		{505E9022-F0C2-485C-8FC9-CD2F6F7F3C07}.Release|Any CPU.Build.0 = Release|Any CPU
		{893F3E98-AB01-40CE-A4A1-AAA4BF18149E}.Debug|Any CPU.ActiveCfg = Debug|Any CPU
		{893F3E98-AB01-40CE-A4A1-AAA4BF18149E}.Debug|Any CPU.Build.0 = Debug|Any CPU
		{893F3E98-AB01-40CE-A4A1-AAA4BF18149E}.Release|Any CPU.ActiveCfg = Release|Any CPU
		{893F3E98-AB01-40CE-A4A1-AAA4BF18149E}.Release|Any CPU.Build.0 = Release|Any CPU
		{6D3394EB-30D1-4208-B2BE-18BC290C861B}.Debug|Any CPU.ActiveCfg = Debug|Any CPU
		{6D3394EB-30D1-4208-B2BE-18BC290C861B}.Debug|Any CPU.Build.0 = Debug|Any CPU
		{6D3394EB-30D1-4208-B2BE-18BC290C861B}.Release|Any CPU.ActiveCfg = Release|Any CPU
		{6D3394EB-30D1-4208-B2BE-18BC290C861B}.Release|Any CPU.Build.0 = Release|Any CPU
	EndGlobalSection
	GlobalSection(SolutionProperties) = preSolution
		HideSolutionNode = FALSE
	EndGlobalSection
	GlobalSection(ExtensibilityGlobals) = postSolution
		SolutionGuid = {6B281039-5C4C-4C6C-87ED-63FFA177FEBD}
	EndGlobalSection
EndGlobal
